
Microsoft Visual Studio Solution File, Format Version 12.00
# Visual Studio 15
VisualStudioVersion = 15.0.27004.2002
MinimumVisualStudioVersion = 10.0.40219.1
Project("{FAE04EC0-301F-11D3-BF4B-00C04F79EFBC}") = "WebSetting", "WebSetting\WebSetting.csproj", "{4B0C2139-215C-4601-B5F7-3EF34568B7BE}"
EndProject
Project("{FAE04EC0-301F-11D3-BF4B-00C04F79EFBC}") = "WebPurchase", "WebPurchase\WebPurchase.csproj", "{D0AAD05A-74AA-451E-A7AF-94635CA9D6E9}"
EndProject
Project("{FAE04EC0-301F-11D3-BF4B-00C04F79EFBC}") = "Common", "Common\Common.csproj", "{DEBAB288-8BA5-4A12-AAB1-1AE03DD53A44}"
EndProject
Project("{FAE04EC0-301F-11D3-BF4B-00C04F79EFBC}") = "BusinessLogic", "BusinessLogic\BusinessLogic.csproj", "{F517FA0A-C72C-4782-A842-F9A328938D16}"
EndProject
Project("{FAE04EC0-301F-11D3-BF4B-00C04F79EFBC}") = "Entity", "Entity\Entity.csproj", "{93AB70E5-FEDE-4F10-BF19-00B070B17B57}"
EndProject
Project("{FAE04EC0-301F-11D3-BF4B-00C04F79EFBC}") = "DataAccess", "DataAccess\DataAccess.csproj", "{7DA1FE6E-8885-4D7C-BDD4-F43E9B8E3E2A}"
EndProject
Global
	GlobalSection(SolutionConfigurationPlatforms) = preSolution
		Debug|Any CPU = Debug|Any CPU
		Release|Any CPU = Release|Any CPU
	EndGlobalSection
	GlobalSection(ProjectConfigurationPlatforms) = postSolution
		{4B0C2139-215C-4601-B5F7-3EF34568B7BE}.Debug|Any CPU.ActiveCfg = Debug|Any CPU
		{4B0C2139-215C-4601-B5F7-3EF34568B7BE}.Debug|Any CPU.Build.0 = Debug|Any CPU
		{4B0C2139-215C-4601-B5F7-3EF34568B7BE}.Release|Any CPU.ActiveCfg = Release|Any CPU
		{4B0C2139-215C-4601-B5F7-3EF34568B7BE}.Release|Any CPU.Build.0 = Release|Any CPU
		{D0AAD05A-74AA-451E-A7AF-94635CA9D6E9}.Debug|Any CPU.ActiveCfg = Debug|Any CPU
		{D0AAD05A-74AA-451E-A7AF-94635CA9D6E9}.Debug|Any CPU.Build.0 = Debug|Any CPU
		{D0AAD05A-74AA-451E-A7AF-94635CA9D6E9}.Release|Any CPU.ActiveCfg = Release|Any CPU
		{D0AAD05A-74AA-451E-A7AF-94635CA9D6E9}.Release|Any CPU.Build.0 = Release|Any CPU
		{DEBAB288-8BA5-4A12-AAB1-1AE03DD53A44}.Debug|Any CPU.ActiveCfg = Debug|Any CPU
		{DEBAB288-8BA5-4A12-AAB1-1AE03DD53A44}.Debug|Any CPU.Build.0 = Debug|Any CPU
		{DEBAB288-8BA5-4A12-AAB1-1AE03DD53A44}.Release|Any CPU.ActiveCfg = Release|Any CPU
		{DEBAB288-8BA5-4A12-AAB1-1AE03DD53A44}.Release|Any CPU.Build.0 = Release|Any CPU
		{F517FA0A-C72C-4782-A842-F9A328938D16}.Debug|Any CPU.ActiveCfg = Debug|Any CPU
		{F517FA0A-C72C-4782-A842-F9A328938D16}.Debug|Any CPU.Build.0 = Debug|Any CPU
		{F517FA0A-C72C-4782-A842-F9A328938D16}.Release|Any CPU.ActiveCfg = Release|Any CPU
		{F517FA0A-C72C-4782-A842-F9A328938D16}.Release|Any CPU.Build.0 = Release|Any CPU
		{93AB70E5-FEDE-4F10-BF19-00B070B17B57}.Debug|Any CPU.ActiveCfg = Debug|Any CPU
		{93AB70E5-FEDE-4F10-BF19-00B070B17B57}.Debug|Any CPU.Build.0 = Debug|Any CPU
		{93AB70E5-FEDE-4F10-BF19-00B070B17B57}.Release|Any CPU.ActiveCfg = Release|Any CPU
		{93AB70E5-FEDE-4F10-BF19-00B070B17B57}.Release|Any CPU.Build.0 = Release|Any CPU
		{7DA1FE6E-8885-4D7C-BDD4-F43E9B8E3E2A}.Debug|Any CPU.ActiveCfg = Debug|Any CPU
		{7DA1FE6E-8885-4D7C-BDD4-F43E9B8E3E2A}.Debug|Any CPU.Build.0 = Debug|Any CPU
		{7DA1FE6E-8885-4D7C-BDD4-F43E9B8E3E2A}.Release|Any CPU.ActiveCfg = Release|Any CPU
		{7DA1FE6E-8885-4D7C-BDD4-F43E9B8E3E2A}.Release|Any CPU.Build.0 = Release|Any CPU
	EndGlobalSection
	GlobalSection(SolutionProperties) = preSolution
		HideSolutionNode = FALSE
	EndGlobalSection
	GlobalSection(ExtensibilityGlobals) = postSolution
		SolutionGuid = {EFD4833D-D60F-48F9-B3F9-03CC4399A7D7}
	EndGlobalSection
EndGlobal
